// !$*UTF8*$!
{
	archiveVersion = 1;
	classes = {
	};
	objectVersion = 55;
	objects = {

/* Begin PBXBuildFile section */
		3871476A5089BA6298747687 /* Pods_CameraFilterTests.framework in Frameworks */ = {isa = PBXBuildFile; fileRef = D48AC5CA24115B61D8114975 /* Pods_CameraFilterTests.framework */; };
		7601FF2E7610BA4797E447EC /* Pods_CameraFilter_CameraFilterUITests.framework in Frameworks */ = {isa = PBXBuildFile; fileRef = FE1C9B28337EE3DE21A64B6D /* Pods_CameraFilter_CameraFilterUITests.framework */; };
		7E470BF9296C577A00DF2759 /* PhotosCollectionViewController.swift in Sources */ = {isa = PBXBuildFile; fileRef = 7E470BF8296C577A00DF2759 /* PhotosCollectionViewController.swift */; };
		7E4D6FA6296C620B00A4C57B /* PhotoCollectionViewCell.swift in Sources */ = {isa = PBXBuildFile; fileRef = 7E4D6FA5296C620B00A4C57B /* PhotoCollectionViewCell.swift */; };
		7E4D6FA8296C6B3300A4C57B /* FilterService.swift in Sources */ = {isa = PBXBuildFile; fileRef = 7E4D6FA7296C6B3300A4C57B /* FilterService.swift */; };
		7EA50021296C5217000AA74D /* AppDelegate.swift in Sources */ = {isa = PBXBuildFile; fileRef = 7EA50020296C5217000AA74D /* AppDelegate.swift */; };
		7EA50023296C5217000AA74D /* SceneDelegate.swift in Sources */ = {isa = PBXBuildFile; fileRef = 7EA50022296C5217000AA74D /* SceneDelegate.swift */; };
		7EA50025296C5217000AA74D /* ViewController.swift in Sources */ = {isa = PBXBuildFile; fileRef = 7EA50024296C5217000AA74D /* ViewController.swift */; };
		7EA50028296C5217000AA74D /* Main.storyboard in Resources */ = {isa = PBXBuildFile; fileRef = 7EA50026296C5217000AA74D /* Main.storyboard */; };
		7EA5002A296C5218000AA74D /* Assets.xcassets in Resources */ = {isa = PBXBuildFile; fileRef = 7EA50029296C5218000AA74D /* Assets.xcassets */; };
		7EA5002D296C5218000AA74D /* LaunchScreen.storyboard in Resources */ = {isa = PBXBuildFile; fileRef = 7EA5002B296C5218000AA74D /* LaunchScreen.storyboard */; };
		7EA50038296C5218000AA74D /* CameraFilterTests.swift in Sources */ = {isa = PBXBuildFile; fileRef = 7EA50037296C5218000AA74D /* CameraFilterTests.swift */; };
		7EA50042296C5218000AA74D /* CameraFilterUITests.swift in Sources */ = {isa = PBXBuildFile; fileRef = 7EA50041296C5218000AA74D /* CameraFilterUITests.swift */; };
		7EA50044296C5218000AA74D /* CameraFilterUITestsLaunchTests.swift in Sources */ = {isa = PBXBuildFile; fileRef = 7EA50043296C5218000AA74D /* CameraFilterUITestsLaunchTests.swift */; };
		AD4D9AEAA42104EF258D64F7 /* Pods_CameraFilter.framework in Frameworks */ = {isa = PBXBuildFile; fileRef = 935E4E866A16545A32D72C89 /* Pods_CameraFilter.framework */; };
/* End PBXBuildFile section */

/* Begin PBXContainerItemProxy section */
		7EA50034296C5218000AA74D /* PBXContainerItemProxy */ = {
			isa = PBXContainerItemProxy;
			containerPortal = 7EA50015296C5217000AA74D /* Project object */;
			proxyType = 1;
			remoteGlobalIDString = 7EA5001C296C5217000AA74D;
			remoteInfo = CameraFilter;
		};
		7EA5003E296C5218000AA74D /* PBXContainerItemProxy */ = {
			isa = PBXContainerItemProxy;
			containerPortal = 7EA50015296C5217000AA74D /* Project object */;
			proxyType = 1;
			remoteGlobalIDString = 7EA5001C296C5217000AA74D;
			remoteInfo = CameraFilter;
		};
/* End PBXContainerItemProxy section */

/* Begin PBXFileReference section */
		74730C051072C5801EAD15F1 /* Pods-CameraFilter-CameraFilterUITests.release.xcconfig */ = {isa = PBXFileReference; includeInIndex = 1; lastKnownFileType = text.xcconfig; name = "Pods-CameraFilter-CameraFilterUITests.release.xcconfig"; path = "Target Support Files/Pods-CameraFilter-CameraFilterUITests/Pods-CameraFilter-CameraFilterUITests.release.xcconfig"; sourceTree = "<group>"; };
		7E1F2C05E9ADCC2F62C98B09 /* Pods-CameraFilter.debug.xcconfig */ = {isa = PBXFileReference; includeInIndex = 1; lastKnownFileType = text.xcconfig; name = "Pods-CameraFilter.debug.xcconfig"; path = "Target Support Files/Pods-CameraFilter/Pods-CameraFilter.debug.xcconfig"; sourceTree = "<group>"; };
		7E470BF8296C577A00DF2759 /* PhotosCollectionViewController.swift */ = {isa = PBXFileReference; lastKnownFileType = sourcecode.swift; path = PhotosCollectionViewController.swift; sourceTree = "<group>"; };
		7E4D6FA5296C620B00A4C57B /* PhotoCollectionViewCell.swift */ = {isa = PBXFileReference; lastKnownFileType = sourcecode.swift; path = PhotoCollectionViewCell.swift; sourceTree = "<group>"; };
		7E4D6FA7296C6B3300A4C57B /* FilterService.swift */ = {isa = PBXFileReference; lastKnownFileType = sourcecode.swift; path = FilterService.swift; sourceTree = "<group>"; };
		7EA5001D296C5217000AA74D /* CameraFilter.app */ = {isa = PBXFileReference; explicitFileType = wrapper.application; includeInIndex = 0; path = CameraFilter.app; sourceTree = BUILT_PRODUCTS_DIR; };
		7EA50020296C5217000AA74D /* AppDelegate.swift */ = {isa = PBXFileReference; lastKnownFileType = sourcecode.swift; path = AppDelegate.swift; sourceTree = "<group>"; };
		7EA50022296C5217000AA74D /* SceneDelegate.swift */ = {isa = PBXFileReference; lastKnownFileType = sourcecode.swift; path = SceneDelegate.swift; sourceTree = "<group>"; };
		7EA50024296C5217000AA74D /* ViewController.swift */ = {isa = PBXFileReference; lastKnownFileType = sourcecode.swift; path = ViewController.swift; sourceTree = "<group>"; };
		7EA50027296C5217000AA74D /* Base */ = {isa = PBXFileReference; lastKnownFileType = file.storyboard; name = Base; path = Base.lproj/Main.storyboard; sourceTree = "<group>"; };
		7EA50029296C5218000AA74D /* Assets.xcassets */ = {isa = PBXFileReference; lastKnownFileType = folder.assetcatalog; path = Assets.xcassets; sourceTree = "<group>"; };
		7EA5002C296C5218000AA74D /* Base */ = {isa = PBXFileReference; lastKnownFileType = file.storyboard; name = Base; path = Base.lproj/LaunchScreen.storyboard; sourceTree = "<group>"; };
		7EA5002E296C5218000AA74D /* Info.plist */ = {isa = PBXFileReference; lastKnownFileType = text.plist.xml; path = Info.plist; sourceTree = "<group>"; };
		7EA50033296C5218000AA74D /* CameraFilterTests.xctest */ = {isa = PBXFileReference; explicitFileType = wrapper.cfbundle; includeInIndex = 0; path = CameraFilterTests.xctest; sourceTree = BUILT_PRODUCTS_DIR; };
		7EA50037296C5218000AA74D /* CameraFilterTests.swift */ = {isa = PBXFileReference; lastKnownFileType = sourcecode.swift; path = CameraFilterTests.swift; sourceTree = "<group>"; };
		7EA5003D296C5218000AA74D /* CameraFilterUITests.xctest */ = {isa = PBXFileReference; explicitFileType = wrapper.cfbundle; includeInIndex = 0; path = CameraFilterUITests.xctest; sourceTree = BUILT_PRODUCTS_DIR; };
		7EA50041296C5218000AA74D /* CameraFilterUITests.swift */ = {isa = PBXFileReference; lastKnownFileType = sourcecode.swift; path = CameraFilterUITests.swift; sourceTree = "<group>"; };
		7EA50043296C5218000AA74D /* CameraFilterUITestsLaunchTests.swift */ = {isa = PBXFileReference; lastKnownFileType = sourcecode.swift; path = CameraFilterUITestsLaunchTests.swift; sourceTree = "<group>"; };
		8783E80E1DD6053046EA2C6E /* Pods-CameraFilterTests.release.xcconfig */ = {isa = PBXFileReference; includeInIndex = 1; lastKnownFileType = text.xcconfig; name = "Pods-CameraFilterTests.release.xcconfig"; path = "Target Support Files/Pods-CameraFilterTests/Pods-CameraFilterTests.release.xcconfig"; sourceTree = "<group>"; };
		91229A1D669543E06946A95C /* Pods-CameraFilter.release.xcconfig */ = {isa = PBXFileReference; includeInIndex = 1; lastKnownFileType = text.xcconfig; name = "Pods-CameraFilter.release.xcconfig"; path = "Target Support Files/Pods-CameraFilter/Pods-CameraFilter.release.xcconfig"; sourceTree = "<group>"; };
		935E4E866A16545A32D72C89 /* Pods_CameraFilter.framework */ = {isa = PBXFileReference; explicitFileType = wrapper.framework; includeInIndex = 0; path = Pods_CameraFilter.framework; sourceTree = BUILT_PRODUCTS_DIR; };
		B9C5135548F5A2878493110C /* Pods-CameraFilter-CameraFilterUITests.debug.xcconfig */ = {isa = PBXFileReference; includeInIndex = 1; lastKnownFileType = text.xcconfig; name = "Pods-CameraFilter-CameraFilterUITests.debug.xcconfig"; path = "Target Support Files/Pods-CameraFilter-CameraFilterUITests/Pods-CameraFilter-CameraFilterUITests.debug.xcconfig"; sourceTree = "<group>"; };
		D48AC5CA24115B61D8114975 /* Pods_CameraFilterTests.framework */ = {isa = PBXFileReference; explicitFileType = wrapper.framework; includeInIndex = 0; path = Pods_CameraFilterTests.framework; sourceTree = BUILT_PRODUCTS_DIR; };
		E5F16EA52B6E4FABE23E11A4 /* Pods-CameraFilterTests.debug.xcconfig */ = {isa = PBXFileReference; includeInIndex = 1; lastKnownFileType = text.xcconfig; name = "Pods-CameraFilterTests.debug.xcconfig"; path = "Target Support Files/Pods-CameraFilterTests/Pods-CameraFilterTests.debug.xcconfig"; sourceTree = "<group>"; };
		FE1C9B28337EE3DE21A64B6D /* Pods_CameraFilter_CameraFilterUITests.framework */ = {isa = PBXFileReference; explicitFileType = wrapper.framework; includeInIndex = 0; path = Pods_CameraFilter_CameraFilterUITests.framework; sourceTree = BUILT_PRODUCTS_DIR; };
/* End PBXFileReference section */

/* Begin PBXFrameworksBuildPhase section */
		7EA5001A296C5217000AA74D /* Frameworks */ = {
			isa = PBXFrameworksBuildPhase;
			buildActionMask = 2147483647;
			files = (
				AD4D9AEAA42104EF258D64F7 /* Pods_CameraFilter.framework in Frameworks */,
			);
			runOnlyForDeploymentPostprocessing = 0;
		};
		7EA50030296C5218000AA74D /* Frameworks */ = {
			isa = PBXFrameworksBuildPhase;
			buildActionMask = 2147483647;
			files = (
				3871476A5089BA6298747687 /* Pods_CameraFilterTests.framework in Frameworks */,
			);
			runOnlyForDeploymentPostprocessing = 0;
		};
		7EA5003A296C5218000AA74D /* Frameworks */ = {
			isa = PBXFrameworksBuildPhase;
			buildActionMask = 2147483647;
			files = (
				7601FF2E7610BA4797E447EC /* Pods_CameraFilter_CameraFilterUITests.framework in Frameworks */,
			);
			runOnlyForDeploymentPostprocessing = 0;
		};
/* End PBXFrameworksBuildPhase section */

/* Begin PBXGroup section */
		709E8A91F9DAC457FA13168C /* Pods */ = {
			isa = PBXGroup;
			children = (
				7E1F2C05E9ADCC2F62C98B09 /* Pods-CameraFilter.debug.xcconfig */,
				91229A1D669543E06946A95C /* Pods-CameraFilter.release.xcconfig */,
				B9C5135548F5A2878493110C /* Pods-CameraFilter-CameraFilterUITests.debug.xcconfig */,
				74730C051072C5801EAD15F1 /* Pods-CameraFilter-CameraFilterUITests.release.xcconfig */,
				E5F16EA52B6E4FABE23E11A4 /* Pods-CameraFilterTests.debug.xcconfig */,
				8783E80E1DD6053046EA2C6E /* Pods-CameraFilterTests.release.xcconfig */,
			);
			path = Pods;
			sourceTree = "<group>";
		};
		7EA50014296C5217000AA74D = {
			isa = PBXGroup;
			children = (
				7EA5001F296C5217000AA74D /* CameraFilter */,
				7EA50036296C5218000AA74D /* CameraFilterTests */,
				7EA50040296C5218000AA74D /* CameraFilterUITests */,
				7EA5001E296C5217000AA74D /* Products */,
				709E8A91F9DAC457FA13168C /* Pods */,
				F3094AD55F05EC78B82D7675 /* Frameworks */,
			);
			sourceTree = "<group>";
		};
		7EA5001E296C5217000AA74D /* Products */ = {
			isa = PBXGroup;
			children = (
				7EA5001D296C5217000AA74D /* CameraFilter.app */,
				7EA50033296C5218000AA74D /* CameraFilterTests.xctest */,
				7EA5003D296C5218000AA74D /* CameraFilterUITests.xctest */,
			);
			name = Products;
			sourceTree = "<group>";
		};
		7EA5001F296C5217000AA74D /* CameraFilter */ = {
			isa = PBXGroup;
			children = (
				7EA50020296C5217000AA74D /* AppDelegate.swift */,
				7EA50022296C5217000AA74D /* SceneDelegate.swift */,
				7EA50024296C5217000AA74D /* ViewController.swift */,
				7EA50026296C5217000AA74D /* Main.storyboard */,
				7EA50029296C5218000AA74D /* Assets.xcassets */,
				7EA5002B296C5218000AA74D /* LaunchScreen.storyboard */,
				7EA5002E296C5218000AA74D /* Info.plist */,
				7E470BF8296C577A00DF2759 /* PhotosCollectionViewController.swift */,
				7E4D6FA5296C620B00A4C57B /* PhotoCollectionViewCell.swift */,
				7E4D6FA7296C6B3300A4C57B /* FilterService.swift */,
			);
			path = CameraFilter;
			sourceTree = "<group>";
		};
		7EA50036296C5218000AA74D /* CameraFilterTests */ = {
			isa = PBXGroup;
			children = (
				7EA50037296C5218000AA74D /* CameraFilterTests.swift */,
			);
			path = CameraFilterTests;
			sourceTree = "<group>";
		};
		7EA50040296C5218000AA74D /* CameraFilterUITests */ = {
			isa = PBXGroup;
			children = (
				7EA50041296C5218000AA74D /* CameraFilterUITests.swift */,
				7EA50043296C5218000AA74D /* CameraFilterUITestsLaunchTests.swift */,
			);
			path = CameraFilterUITests;
			sourceTree = "<group>";
		};
		F3094AD55F05EC78B82D7675 /* Frameworks */ = {
			isa = PBXGroup;
			children = (
				935E4E866A16545A32D72C89 /* Pods_CameraFilter.framework */,
				FE1C9B28337EE3DE21A64B6D /* Pods_CameraFilter_CameraFilterUITests.framework */,
				D48AC5CA24115B61D8114975 /* Pods_CameraFilterTests.framework */,
			);
			name = Frameworks;
			sourceTree = "<group>";
		};
/* End PBXGroup section */

/* Begin PBXNativeTarget section */
		7EA5001C296C5217000AA74D /* CameraFilter */ = {
			isa = PBXNativeTarget;
			buildConfigurationList = 7EA50047296C5218000AA74D /* Build configuration list for PBXNativeTarget "CameraFilter" */;
			buildPhases = (
				D9B4C42013C84BC38515D2EB /* [CP] Check Pods Manifest.lock */,
				7EA50019296C5217000AA74D /* Sources */,
				7EA5001A296C5217000AA74D /* Frameworks */,
				7EA5001B296C5217000AA74D /* Resources */,
				C6E306B089F6586922A8CF1C /* [CP] Embed Pods Frameworks */,
			);
			buildRules = (
			);
			dependencies = (
			);
			name = CameraFilter;
			productName = CameraFilter;
			productReference = 7EA5001D296C5217000AA74D /* CameraFilter.app */;
			productType = "com.apple.product-type.application";
		};
		7EA50032296C5218000AA74D /* CameraFilterTests */ = {
			isa = PBXNativeTarget;
			buildConfigurationList = 7EA5004A296C5218000AA74D /* Build configuration list for PBXNativeTarget "CameraFilterTests" */;
			buildPhases = (
				2221F05D8413026C651CA737 /* [CP] Check Pods Manifest.lock */,
				7EA5002F296C5218000AA74D /* Sources */,
				7EA50030296C5218000AA74D /* Frameworks */,
				7EA50031296C5218000AA74D /* Resources */,
			);
			buildRules = (
			);
			dependencies = (
				7EA50035296C5218000AA74D /* PBXTargetDependency */,
			);
			name = CameraFilterTests;
			productName = CameraFilterTests;
			productReference = 7EA50033296C5218000AA74D /* CameraFilterTests.xctest */;
			productType = "com.apple.product-type.bundle.unit-test";
		};
		7EA5003C296C5218000AA74D /* CameraFilterUITests */ = {
			isa = PBXNativeTarget;
			buildConfigurationList = 7EA5004D296C5218000AA74D /* Build configuration list for PBXNativeTarget "CameraFilterUITests" */;
			buildPhases = (
				6BD36F1835828E5A313C1B08 /* [CP] Check Pods Manifest.lock */,
				7EA50039296C5218000AA74D /* Sources */,
				7EA5003A296C5218000AA74D /* Frameworks */,
				7EA5003B296C5218000AA74D /* Resources */,
				24B9104AE9084222122111DE /* [CP] Embed Pods Frameworks */,
			);
			buildRules = (
			);
			dependencies = (
				7EA5003F296C5218000AA74D /* PBXTargetDependency */,
			);
			name = CameraFilterUITests;
			productName = CameraFilterUITests;
			productReference = 7EA5003D296C5218000AA74D /* CameraFilterUITests.xctest */;
			productType = "com.apple.product-type.bundle.ui-testing";
		};
/* End PBXNativeTarget section */

/* Begin PBXProject section */
		7EA50015296C5217000AA74D /* Project object */ = {
			isa = PBXProject;
			attributes = {
				BuildIndependentTargetsInParallel = 1;
				LastSwiftUpdateCheck = 1340;
				LastUpgradeCheck = 1340;
				TargetAttributes = {
					7EA5001C296C5217000AA74D = {
						CreatedOnToolsVersion = 13.4.1;
					};
					7EA50032296C5218000AA74D = {
						CreatedOnToolsVersion = 13.4.1;
						TestTargetID = 7EA5001C296C5217000AA74D;
					};
					7EA5003C296C5218000AA74D = {
						CreatedOnToolsVersion = 13.4.1;
						TestTargetID = 7EA5001C296C5217000AA74D;
					};
				};
			};
			buildConfigurationList = 7EA50018296C5217000AA74D /* Build configuration list for PBXProject "CameraFilter" */;
			compatibilityVersion = "Xcode 13.0";
			developmentRegion = en;
			hasScannedForEncodings = 0;
			knownRegions = (
				en,
				Base,
			);
			mainGroup = 7EA50014296C5217000AA74D;
			productRefGroup = 7EA5001E296C5217000AA74D /* Products */;
			projectDirPath = "";
			projectRoot = "";
			targets = (
				7EA5001C296C5217000AA74D /* CameraFilter */,
				7EA50032296C5218000AA74D /* CameraFilterTests */,
				7EA5003C296C5218000AA74D /* CameraFilterUITests */,
			);
		};
/* End PBXProject section */

/* Begin PBXResourcesBuildPhase section */
		7EA5001B296C5217000AA74D /* Resources */ = {
			isa = PBXResourcesBuildPhase;
			buildActionMask = 2147483647;
			files = (
				7EA5002D296C5218000AA74D /* LaunchScreen.storyboard in Resources */,
				7EA5002A296C5218000AA74D /* Assets.xcassets in Resources */,
				7EA50028296C5217000AA74D /* Main.storyboard in Resources */,
			);
			runOnlyForDeploymentPostprocessing = 0;
		};
		7EA50031296C5218000AA74D /* Resources */ = {
			isa = PBXResourcesBuildPhase;
			buildActionMask = 2147483647;
			files = (
			);
			runOnlyForDeploymentPostprocessing = 0;
		};
		7EA5003B296C5218000AA74D /* Resources */ = {
			isa = PBXResourcesBuildPhase;
			buildActionMask = 2147483647;
			files = (
			);
			runOnlyForDeploymentPostprocessing = 0;
		};
/* End PBXResourcesBuildPhase section */

/* Begin PBXShellScriptBuildPhase section */
		2221F05D8413026C651CA737 /* [CP] Check Pods Manifest.lock */ = {
			isa = PBXShellScriptBuildPhase;
			buildActionMask = 2147483647;
			files = (
			);
			inputFileListPaths = (
			);
			inputPaths = (
				"${PODS_PODFILE_DIR_PATH}/Podfile.lock",
				"${PODS_ROOT}/Manifest.lock",
			);
			name = "[CP] Check Pods Manifest.lock";
			outputFileListPaths = (
			);
			outputPaths = (
				"$(DERIVED_FILE_DIR)/Pods-CameraFilterTests-checkManifestLockResult.txt",
			);
			runOnlyForDeploymentPostprocessing = 0;
			shellPath = /bin/sh;
			shellScript = "diff \"${PODS_PODFILE_DIR_PATH}/Podfile.lock\" \"${PODS_ROOT}/Manifest.lock\" > /dev/null\nif [ $? != 0 ] ; then\n    # print error to STDERR\n    echo \"error: The sandbox is not in sync with the Podfile.lock. Run 'pod install' or update your CocoaPods installation.\" >&2\n    exit 1\nfi\n# This output is used by Xcode 'outputs' to avoid re-running this script phase.\necho \"SUCCESS\" > \"${SCRIPT_OUTPUT_FILE_0}\"\n";
			showEnvVarsInLog = 0;
		};
		24B9104AE9084222122111DE /* [CP] Embed Pods Frameworks */ = {
			isa = PBXShellScriptBuildPhase;
			buildActionMask = 2147483647;
			files = (
			);
			inputFileListPaths = (
				"${PODS_ROOT}/Target Support Files/Pods-CameraFilter-CameraFilterUITests/Pods-CameraFilter-CameraFilterUITests-frameworks-${CONFIGURATION}-input-files.xcfilelist",
			);
			name = "[CP] Embed Pods Frameworks";
			outputFileListPaths = (
				"${PODS_ROOT}/Target Support Files/Pods-CameraFilter-CameraFilterUITests/Pods-CameraFilter-CameraFilterUITests-frameworks-${CONFIGURATION}-output-files.xcfilelist",
			);
			runOnlyForDeploymentPostprocessing = 0;
			shellPath = /bin/sh;
			shellScript = "\"${PODS_ROOT}/Target Support Files/Pods-CameraFilter-CameraFilterUITests/Pods-CameraFilter-CameraFilterUITests-frameworks.sh\"\n";
			showEnvVarsInLog = 0;
		};
		6BD36F1835828E5A313C1B08 /* [CP] Check Pods Manifest.lock */ = {
			isa = PBXShellScriptBuildPhase;
			buildActionMask = 2147483647;
			files = (
			);
			inputFileListPaths = (
			);
			inputPaths = (
				"${PODS_PODFILE_DIR_PATH}/Podfile.lock",
				"${PODS_ROOT}/Manifest.lock",
			);
			name = "[CP] Check Pods Manifest.lock";
			outputFileListPaths = (
			);
			outputPaths = (
				"$(DERIVED_FILE_DIR)/Pods-CameraFilter-CameraFilterUITests-checkManifestLockResult.txt",
			);
			runOnlyForDeploymentPostprocessing = 0;
			shellPath = /bin/sh;
			shellScript = "diff \"${PODS_PODFILE_DIR_PATH}/Podfile.lock\" \"${PODS_ROOT}/Manifest.lock\" > /dev/null\nif [ $? != 0 ] ; then\n    # print error to STDERR\n    echo \"error: The sandbox is not in sync with the Podfile.lock. Run 'pod install' or update your CocoaPods installation.\" >&2\n    exit 1\nfi\n# This output is used by Xcode 'outputs' to avoid re-running this script phase.\necho \"SUCCESS\" > \"${SCRIPT_OUTPUT_FILE_0}\"\n";
			showEnvVarsInLog = 0;
		};
		C6E306B089F6586922A8CF1C /* [CP] Embed Pods Frameworks */ = {
			isa = PBXShellScriptBuildPhase;
			buildActionMask = 2147483647;
			files = (
			);
			inputFileListPaths = (
				"${PODS_ROOT}/Target Support Files/Pods-CameraFilter/Pods-CameraFilter-frameworks-${CONFIGURATION}-input-files.xcfilelist",
			);
			name = "[CP] Embed Pods Frameworks";
			outputFileListPaths = (
				"${PODS_ROOT}/Target Support Files/Pods-CameraFilter/Pods-CameraFilter-frameworks-${CONFIGURATION}-output-files.xcfilelist",
			);
			runOnlyForDeploymentPostprocessing = 0;
			shellPath = /bin/sh;
			shellScript = "\"${PODS_ROOT}/Target Support Files/Pods-CameraFilter/Pods-CameraFilter-frameworks.sh\"\n";
			showEnvVarsInLog = 0;
		};
		D9B4C42013C84BC38515D2EB /* [CP] Check Pods Manifest.lock */ = {
			isa = PBXShellScriptBuildPhase;
			buildActionMask = 2147483647;
			files = (
			);
			inputFileListPaths = (
			);
			inputPaths = (
				"${PODS_PODFILE_DIR_PATH}/Podfile.lock",
				"${PODS_ROOT}/Manifest.lock",
			);
			name = "[CP] Check Pods Manifest.lock";
			outputFileListPaths = (
			);
			outputPaths = (
				"$(DERIVED_FILE_DIR)/Pods-CameraFilter-checkManifestLockResult.txt",
			);
			runOnlyForDeploymentPostprocessing = 0;
			shellPath = /bin/sh;
			shellScript = "diff \"${PODS_PODFILE_DIR_PATH}/Podfile.lock\" \"${PODS_ROOT}/Manifest.lock\" > /dev/null\nif [ $? != 0 ] ; then\n    # print error to STDERR\n    echo \"error: The sandbox is not in sync with the Podfile.lock. Run 'pod install' or update your CocoaPods installation.\" >&2\n    exit 1\nfi\n# This output is used by Xcode 'outputs' to avoid re-running this script phase.\necho \"SUCCESS\" > \"${SCRIPT_OUTPUT_FILE_0}\"\n";
			showEnvVarsInLog = 0;
		};
/* End PBXShellScriptBuildPhase section */

/* Begin PBXSourcesBuildPhase section */
		7EA50019296C5217000AA74D /* Sources */ = {
			isa = PBXSourcesBuildPhase;
			buildActionMask = 2147483647;
			files = (
				7E470BF9296C577A00DF2759 /* PhotosCollectionViewController.swift in Sources */,
				7E4D6FA6296C620B00A4C57B /* PhotoCollectionViewCell.swift in Sources */,
				7EA50025296C5217000AA74D /* ViewController.swift in Sources */,
				7E4D6FA8296C6B3300A4C57B /* FilterService.swift in Sources */,
				7EA50021296C5217000AA74D /* AppDelegate.swift in Sources */,
				7EA50023296C5217000AA74D /* SceneDelegate.swift in Sources */,
			);
			runOnlyForDeploymentPostprocessing = 0;
		};
		7EA5002F296C5218000AA74D /* Sources */ = {
			isa = PBXSourcesBuildPhase;
			buildActionMask = 2147483647;
			files = (
				7EA50038296C5218000AA74D /* CameraFilterTests.swift in Sources */,
			);
			runOnlyForDeploymentPostprocessing = 0;
		};
		7EA50039296C5218000AA74D /* Sources */ = {
			isa = PBXSourcesBuildPhase;
			buildActionMask = 2147483647;
			files = (
				7EA50042296C5218000AA74D /* CameraFilterUITests.swift in Sources */,
				7EA50044296C5218000AA74D /* CameraFilterUITestsLaunchTests.swift in Sources */,
			);
			runOnlyForDeploymentPostprocessing = 0;
		};
/* End PBXSourcesBuildPhase section */

/* Begin PBXTargetDependency section */
		7EA50035296C5218000AA74D /* PBXTargetDependency */ = {
			isa = PBXTargetDependency;
			target = 7EA5001C296C5217000AA74D /* CameraFilter */;
			targetProxy = 7EA50034296C5218000AA74D /* PBXContainerItemProxy */;
		};
		7EA5003F296C5218000AA74D /* PBXTargetDependency */ = {
			isa = PBXTargetDependency;
			target = 7EA5001C296C5217000AA74D /* CameraFilter */;
			targetProxy = 7EA5003E296C5218000AA74D /* PBXContainerItemProxy */;
		};
/* End PBXTargetDependency section */

/* Begin PBXVariantGroup section */
		7EA50026296C5217000AA74D /* Main.storyboard */ = {
			isa = PBXVariantGroup;
			children = (
				7EA50027296C5217000AA74D /* Base */,
			);
			name = Main.storyboard;
			sourceTree = "<group>";
		};
		7EA5002B296C5218000AA74D /* LaunchScreen.storyboard */ = {
			isa = PBXVariantGroup;
			children = (
				7EA5002C296C5218000AA74D /* Base */,
			);
			name = LaunchScreen.storyboard;
			sourceTree = "<group>";
		};
/* End PBXVariantGroup section */

/* Begin XCBuildConfiguration section */
		7EA50045296C5218000AA74D /* Debug */ = {
			isa = XCBuildConfiguration;
			buildSettings = {
				ALWAYS_SEARCH_USER_PATHS = NO;
				CLANG_ANALYZER_NONNULL = YES;
				CLANG_ANALYZER_NUMBER_OBJECT_CONVERSION = YES_AGGRESSIVE;
				CLANG_CXX_LANGUAGE_STANDARD = "gnu++17";
				CLANG_ENABLE_MODULES = YES;
				CLANG_ENABLE_OBJC_ARC = YES;
				CLANG_ENABLE_OBJC_WEAK = YES;
				CLANG_WARN_BLOCK_CAPTURE_AUTORELEASING = YES;
				CLANG_WARN_BOOL_CONVERSION = YES;
				CLANG_WARN_COMMA = YES;
				CLANG_WARN_CONSTANT_CONVERSION = YES;
				CLANG_WARN_DEPRECATED_OBJC_IMPLEMENTATIONS = YES;
				CLANG_WARN_DIRECT_OBJC_ISA_USAGE = YES_ERROR;
				CLANG_WARN_DOCUMENTATION_COMMENTS = YES;
				CLANG_WARN_EMPTY_BODY = YES;
				CLANG_WARN_ENUM_CONVERSION = YES;
				CLANG_WARN_INFINITE_RECURSION = YES;
				CLANG_WARN_INT_CONVERSION = YES;
				CLANG_WARN_NON_LITERAL_NULL_CONVERSION = YES;
				CLANG_WARN_OBJC_IMPLICIT_RETAIN_SELF = YES;
				CLANG_WARN_OBJC_LITERAL_CONVERSION = YES;
				CLANG_WARN_OBJC_ROOT_CLASS = YES_ERROR;
				CLANG_WARN_QUOTED_INCLUDE_IN_FRAMEWORK_HEADER = YES;
				CLANG_WARN_RANGE_LOOP_ANALYSIS = YES;
				CLANG_WARN_STRICT_PROTOTYPES = YES;
				CLANG_WARN_SUSPICIOUS_MOVE = YES;
				CLANG_WARN_UNGUARDED_AVAILABILITY = YES_AGGRESSIVE;
				CLANG_WARN_UNREACHABLE_CODE = YES;
				CLANG_WARN__DUPLICATE_METHOD_MATCH = YES;
				COPY_PHASE_STRIP = NO;
				DEBUG_INFORMATION_FORMAT = dwarf;
				ENABLE_STRICT_OBJC_MSGSEND = YES;
				ENABLE_TESTABILITY = YES;
				GCC_C_LANGUAGE_STANDARD = gnu11;
				GCC_DYNAMIC_NO_PIC = NO;
				GCC_NO_COMMON_BLOCKS = YES;
				GCC_OPTIMIZATION_LEVEL = 0;
				GCC_PREPROCESSOR_DEFINITIONS = (
					"DEBUG=1",
					"$(inherited)",
				);
				GCC_WARN_64_TO_32_BIT_CONVERSION = YES;
				GCC_WARN_ABOUT_RETURN_TYPE = YES_ERROR;
				GCC_WARN_UNDECLARED_SELECTOR = YES;
				GCC_WARN_UNINITIALIZED_AUTOS = YES_AGGRESSIVE;
				GCC_WARN_UNUSED_FUNCTION = YES;
				GCC_WARN_UNUSED_VARIABLE = YES;
				IPHONEOS_DEPLOYMENT_TARGET = 15.5;
				MTL_ENABLE_DEBUG_INFO = INCLUDE_SOURCE;
				MTL_FAST_MATH = YES;
				ONLY_ACTIVE_ARCH = YES;
				SDKROOT = iphoneos;
				SWIFT_ACTIVE_COMPILATION_CONDITIONS = DEBUG;
				SWIFT_OPTIMIZATION_LEVEL = "-Onone";
			};
			name = Debug;
		};
		7EA50046296C5218000AA74D /* Release */ = {
			isa = XCBuildConfiguration;
			buildSettings = {
				ALWAYS_SEARCH_USER_PATHS = NO;
				CLANG_ANALYZER_NONNULL = YES;
				CLANG_ANALYZER_NUMBER_OBJECT_CONVERSION = YES_AGGRESSIVE;
				CLANG_CXX_LANGUAGE_STANDARD = "gnu++17";
				CLANG_ENABLE_MODULES = YES;
				CLANG_ENABLE_OBJC_ARC = YES;
				CLANG_ENABLE_OBJC_WEAK = YES;
				CLANG_WARN_BLOCK_CAPTURE_AUTORELEASING = YES;
				CLANG_WARN_BOOL_CONVERSION = YES;
				CLANG_WARN_COMMA = YES;
				CLANG_WARN_CONSTANT_CONVERSION = YES;
				CLANG_WARN_DEPRECATED_OBJC_IMPLEMENTATIONS = YES;
				CLANG_WARN_DIRECT_OBJC_ISA_USAGE = YES_ERROR;
				CLANG_WARN_DOCUMENTATION_COMMENTS = YES;
				CLANG_WARN_EMPTY_BODY = YES;
				CLANG_WARN_ENUM_CONVERSION = YES;
				CLANG_WARN_INFINITE_RECURSION = YES;
				CLANG_WARN_INT_CONVERSION = YES;
				CLANG_WARN_NON_LITERAL_NULL_CONVERSION = YES;
				CLANG_WARN_OBJC_IMPLICIT_RETAIN_SELF = YES;
				CLANG_WARN_OBJC_LITERAL_CONVERSION = YES;
				CLANG_WARN_OBJC_ROOT_CLASS = YES_ERROR;
				CLANG_WARN_QUOTED_INCLUDE_IN_FRAMEWORK_HEADER = YES;
				CLANG_WARN_RANGE_LOOP_ANALYSIS = YES;
				CLANG_WARN_STRICT_PROTOTYPES = YES;
				CLANG_WARN_SUSPICIOUS_MOVE = YES;
				CLANG_WARN_UNGUARDED_AVAILABILITY = YES_AGGRESSIVE;
				CLANG_WARN_UNREACHABLE_CODE = YES;
				CLANG_WARN__DUPLICATE_METHOD_MATCH = YES;
				COPY_PHASE_STRIP = NO;
				DEBUG_INFORMATION_FORMAT = "dwarf-with-dsym";
				ENABLE_NS_ASSERTIONS = NO;
				ENABLE_STRICT_OBJC_MSGSEND = YES;
				GCC_C_LANGUAGE_STANDARD = gnu11;
				GCC_NO_COMMON_BLOCKS = YES;
				GCC_WARN_64_TO_32_BIT_CONVERSION = YES;
				GCC_WARN_ABOUT_RETURN_TYPE = YES_ERROR;
				GCC_WARN_UNDECLARED_SELECTOR = YES;
				GCC_WARN_UNINITIALIZED_AUTOS = YES_AGGRESSIVE;
				GCC_WARN_UNUSED_FUNCTION = YES;
				GCC_WARN_UNUSED_VARIABLE = YES;
				IPHONEOS_DEPLOYMENT_TARGET = 15.5;
				MTL_ENABLE_DEBUG_INFO = NO;
				MTL_FAST_MATH = YES;
				SDKROOT = iphoneos;
				SWIFT_COMPILATION_MODE = wholemodule;
				SWIFT_OPTIMIZATION_LEVEL = "-O";
				VALIDATE_PRODUCT = YES;
			};
			name = Release;
		};
		7EA50048296C5218000AA74D /* Debug */ = {
			isa = XCBuildConfiguration;
			baseConfigurationReference = 7E1F2C05E9ADCC2F62C98B09 /* Pods-CameraFilter.debug.xcconfig */;
			buildSettings = {
				ASSETCATALOG_COMPILER_APPICON_NAME = AppIcon;
				ASSETCATALOG_COMPILER_GLOBAL_ACCENT_COLOR_NAME = AccentColor;
				CODE_SIGN_STYLE = Automatic;
				CURRENT_PROJECT_VERSION = 1;
				DEVELOPMENT_TEAM = 76P85BXFRK;
				GENERATE_INFOPLIST_FILE = YES;
				INFOPLIST_FILE = CameraFilter/Info.plist;
				INFOPLIST_KEY_UIApplicationSupportsIndirectInputEvents = YES;
				INFOPLIST_KEY_UILaunchStoryboardName = LaunchScreen;
				INFOPLIST_KEY_UIMainStoryboardFile = Main;
				INFOPLIST_KEY_UISupportedInterfaceOrientations_iPad = "UIInterfaceOrientationPortrait UIInterfaceOrientationPortraitUpsideDown UIInterfaceOrientationLandscapeLeft UIInterfaceOrientationLandscapeRight";
				INFOPLIST_KEY_UISupportedInterfaceOrientations_iPhone = "UIInterfaceOrientationPortrait UIInterfaceOrientationLandscapeLeft UIInterfaceOrientationLandscapeRight";
				LD_RUNPATH_SEARCH_PATHS = (
					"$(inherited)",
					"@executable_path/Frameworks",
				);
				MARKETING_VERSION = 1.0;
				PRODUCT_BUNDLE_IDENTIFIER = com.itsalhussein.CameraFilter;
				PRODUCT_NAME = "$(TARGET_NAME)";
				SWIFT_EMIT_LOC_STRINGS = YES;
				SWIFT_VERSION = 5.0;
				TARGETED_DEVICE_FAMILY = "1,2";
			};
			name = Debug;
		};
		7EA50049296C5218000AA74D /* Release */ = {
			isa = XCBuildConfiguration;
			baseConfigurationReference = 91229A1D669543E06946A95C /* Pods-CameraFilter.release.xcconfig */;
			buildSettings = {
				ASSETCATALOG_COMPILER_APPICON_NAME = AppIcon;
				ASSETCATALOG_COMPILER_GLOBAL_ACCENT_COLOR_NAME = AccentColor;
				CODE_SIGN_STYLE = Automatic;
				CURRENT_PROJECT_VERSION = 1;
				DEVELOPMENT_TEAM = 76P85BXFRK;
				GENERATE_INFOPLIST_FILE = YES;
				INFOPLIST_FILE = CameraFilter/Info.plist;
				INFOPLIST_KEY_UIApplicationSupportsIndirectInputEvents = YES;
				INFOPLIST_KEY_UILaunchStoryboardName = LaunchScreen;
				INFOPLIST_KEY_UIMainStoryboardFile = Main;
				INFOPLIST_KEY_UISupportedInterfaceOrientations_iPad = "UIInterfaceOrientationPortrait UIInterfaceOrientationPortraitUpsideDown UIInterfaceOrientationLandscapeLeft UIInterfaceOrientationLandscapeRight";
				INFOPLIST_KEY_UISupportedInterfaceOrientations_iPhone = "UIInterfaceOrientationPortrait UIInterfaceOrientationLandscapeLeft UIInterfaceOrientationLandscapeRight";
				LD_RUNPATH_SEARCH_PATHS = (
					"$(inherited)",
					"@executable_path/Frameworks",
				);
				MARKETING_VERSION = 1.0;
				PRODUCT_BUNDLE_IDENTIFIER = com.itsalhussein.CameraFilter;
				PRODUCT_NAME = "$(TARGET_NAME)";
				SWIFT_EMIT_LOC_STRINGS = YES;
				SWIFT_VERSION = 5.0;
				TARGETED_DEVICE_FAMILY = "1,2";
			};
			name = Release;
		};
		7EA5004B296C5218000AA74D /* Debug */ = {
			isa = XCBuildConfiguration;
			baseConfigurationReference = E5F16EA52B6E4FABE23E11A4 /* Pods-CameraFilterTests.debug.xcconfig */;
			buildSettings = {
				ALWAYS_EMBED_SWIFT_STANDARD_LIBRARIES = YES;
				BUNDLE_LOADER = "$(TEST_HOST)";
				CODE_SIGN_STYLE = Automatic;
				CURRENT_PROJECT_VERSION = 1;
				DEVELOPMENT_TEAM = 76P85BXFRK;
				GENERATE_INFOPLIST_FILE = YES;
				IPHONEOS_DEPLOYMENT_TARGET = 15.5;
				MARKETING_VERSION = 1.0;
				PRODUCT_BUNDLE_IDENTIFIER = com.itsalhussein.CameraFilterTests;
				PRODUCT_NAME = "$(TARGET_NAME)";
				SWIFT_EMIT_LOC_STRINGS = NO;
				SWIFT_VERSION = 5.0;
				TARGETED_DEVICE_FAMILY = "1,2";
				TEST_HOST = "$(BUILT_PRODUCTS_DIR)/CameraFilter.app/CameraFilter";
			};
			name = Debug;
		};
		7EA5004C296C5218000AA74D /* Release */ = {
			isa = XCBuildConfiguration;
			baseConfigurationReference = 8783E80E1DD6053046EA2C6E /* Pods-CameraFilterTests.release.xcconfig */;
			buildSettings = {
				ALWAYS_EMBED_SWIFT_STANDARD_LIBRARIES = YES;
				BUNDLE_LOADER = "$(TEST_HOST)";
				CODE_SIGN_STYLE = Automatic;
				CURRENT_PROJECT_VERSION = 1;
				DEVELOPMENT_TEAM = 76P85BXFRK;
				GENERATE_INFOPLIST_FILE = YES;
				IPHONEOS_DEPLOYMENT_TARGET = 15.5;
				MARKETING_VERSION = 1.0;
				PRODUCT_BUNDLE_IDENTIFIER = com.itsalhussein.CameraFilterTests;
				PRODUCT_NAME = "$(TARGET_NAME)";
				SWIFT_EMIT_LOC_STRINGS = NO;
				SWIFT_VERSION = 5.0;
				TARGETED_DEVICE_FAMILY = "1,2";
				TEST_HOST = "$(BUILT_PRODUCTS_DIR)/CameraFilter.app/CameraFilter";
			};
			name = Release;
		};
		7EA5004E296C5218000AA74D /* Debug */ = {
			isa = XCBuildConfiguration;
			baseConfigurationReference = B9C5135548F5A2878493110C /* Pods-CameraFilter-CameraFilterUITests.debug.xcconfig */;
			buildSettings = {
				ALWAYS_EMBED_SWIFT_STANDARD_LIBRARIES = YES;
				CODE_SIGN_STYLE = Automatic;
				CURRENT_PROJECT_VERSION = 1;
				DEVELOPMENT_TEAM = 76P85BXFRK;
				GENERATE_INFOPLIST_FILE = YES;
				MARKETING_VERSION = 1.0;
				PRODUCT_BUNDLE_IDENTIFIER = com.itsalhussein.CameraFilterUITests;
				PRODUCT_NAME = "$(TARGET_NAME)";
				SWIFT_EMIT_LOC_STRINGS = NO;
				SWIFT_VERSION = 5.0;
				TARGETED_DEVICE_FAMILY = "1,2";
				TEST_TARGET_NAME = CameraFilter;
			};
			name = Debug;
		};
		7EA5004F296C5218000AA74D /* Release */ = {
			isa = XCBuildConfiguration;
			baseConfigurationReference = 74730C051072C5801EAD15F1 /* Pods-CameraFilter-CameraFilterUITests.release.xcconfig */;
			buildSettings = {
				ALWAYS_EMBED_SWIFT_STANDARD_LIBRARIES = YES;
				CODE_SIGN_STYLE = Automatic;
				CURRENT_PROJECT_VERSION = 1;
				DEVELOPMENT_TEAM = 76P85BXFRK;
				GENERATE_INFOPLIST_FILE = YES;
				MARKETING_VERSION = 1.0;
				PRODUCT_BUNDLE_IDENTIFIER = com.itsalhussein.CameraFilterUITests;
				PRODUCT_NAME = "$(TARGET_NAME)";
				SWIFT_EMIT_LOC_STRINGS = NO;
				SWIFT_VERSION = 5.0;
				TARGETED_DEVICE_FAMILY = "1,2";
				TEST_TARGET_NAME = CameraFilter;
			};
			name = Release;
		};
/* End XCBuildConfiguration section */

/* Begin XCConfigurationList section */
		7EA50018296C5217000AA74D /* Build configuration list for PBXProject "CameraFilter" */ = {
			isa = XCConfigurationList;
			buildConfigurations = (
				7EA50045296C5218000AA74D /* Debug */,
				7EA50046296C5218000AA74D /* Release */,
			);
			defaultConfigurationIsVisible = 0;
			defaultConfigurationName = Release;
		};
		7EA50047296C5218000AA74D /* Build configuration list for PBXNativeTarget "CameraFilter" */ = {
			isa = XCConfigurationList;
			buildConfigurations = (
				7EA50048296C5218000AA74D /* Debug */,
				7EA50049296C5218000AA74D /* Release */,
			);
			defaultConfigurationIsVisible = 0;
			defaultConfigurationName = Release;
		};
		7EA5004A296C5218000AA74D /* Build configuration list for PBXNativeTarget "CameraFilterTests" */ = {
			isa = XCConfigurationList;
			buildConfigurations = (
				7EA5004B296C5218000AA74D /* Debug */,
				7EA5004C296C5218000AA74D /* Release */,
			);
			defaultConfigurationIsVisible = 0;
			defaultConfigurationName = Release;
		};
		7EA5004D296C5218000AA74D /* Build configuration list for PBXNativeTarget "CameraFilterUITests" */ = {
			isa = XCConfigurationList;
			buildConfigurations = (
				7EA5004E296C5218000AA74D /* Debug */,
				7EA5004F296C5218000AA74D /* Release */,
			);
			defaultConfigurationIsVisible = 0;
			defaultConfigurationName = Release;
		};
/* End XCConfigurationList section */
	};
	rootObject = 7EA50015296C5217000AA74D /* Project object */;
}
